
Microsoft Visual Studio Solution File, Format Version 12.00
# Visual Studio Version 17
VisualStudioVersion = 17.2.32616.157
MinimumVisualStudioVersion = 10.0.40219.1
Project("{FAE04EC0-301F-11D3-BF4B-00C04F79EFBC}") = "GestionU", "GestionU.csproj", "{6F19354F-44E0-4182-93B2-4F7B16A18BEE}"
EndProject
Global
	GlobalSection(SolutionConfigurationPlatforms) = preSolution
		Debug|Any CPU = Debug|Any CPU
		Release|Any CPU = Release|Any CPU
	EndGlobalSection
	GlobalSection(ProjectConfigurationPlatforms) = postSolution
		{6F19354F-44E0-4182-93B2-4F7B16A18BEE}.Debug|Any CPU.ActiveCfg = Debug|Any CPU
		{6F19354F-44E0-4182-93B2-4F7B16A18BEE}.Debug|Any CPU.Build.0 = Debug|Any CPU
		{6F19354F-44E0-4182-93B2-4F7B16A18BEE}.Release|Any CPU.ActiveCfg = Release|Any CPU
		{6F19354F-44E0-4182-93B2-4F7B16A18BEE}.Release|Any CPU.Build.0 = Release|Any CPU
	EndGlobalSection
	GlobalSection(SolutionProperties) = preSolution
		HideSolutionNode = FALSE
	EndGlobalSection
	GlobalSection(ExtensibilityGlobals) = postSolution
		SolutionGuid = {65FF08FE-0212-4D46-B900-DAC6F101A505}
	EndGlobalSection
EndGlobal
